
Microsoft Visual Studio Solution File, Format Version 12.00
# Visual Studio 2013
VisualStudioVersion = 12.0.31101.0
MinimumVisualStudioVersion = 10.0.40219.1
Project("{F2A71F9B-5D33-465A-A702-920D77279786}") = "HelloMotor", "HelloMotor\HelloMotor.fsproj", "{93387003-C86D-41E1-BA01-E56750482579}"
EndProject
Project("{FAE04EC0-301F-11D3-BF4B-00C04F79EFBC}") = "GpioPin", "GpioPin\GpioPin.csproj", "{CB0ACB04-5C0E-4951-B9CE-95F6AF6AE25C}"
EndProject
Project("{FAE04EC0-301F-11D3-BF4B-00C04F79EFBC}") = "RaspiRobotNet", "RaspiRobotNet\RaspiRobotNet.csproj", "{33B2B1C0-EA02-4E91-BF7A-E57B11E175C3}"
EndProject
Project("{FAE04EC0-301F-11D3-BF4B-00C04F79EFBC}") = "RaspiRobot", "RaspiRobot\RaspiRobot.csproj", "{BFA8BC98-CFF7-4480-BE7E-ECE347958DB3}"
EndProject
Project("{2150E333-8FDC-42A3-9474-1A3956D46DE8}") = "Solution Items", "Solution Items", "{07436847-3DDC-4B2C-8CB6-5D69C99AA05F}"
	ProjectSection(SolutionItems) = preProject
		readme.md = readme.md
	EndProjectSection
EndProject
Global
	GlobalSection(SolutionConfigurationPlatforms) = preSolution
		Debug|Any CPU = Debug|Any CPU
		Release|Any CPU = Release|Any CPU
	EndGlobalSection
	GlobalSection(ProjectConfigurationPlatforms) = postSolution
		{93387003-C86D-41E1-BA01-E56750482579}.Debug|Any CPU.ActiveCfg = Debug|Any CPU
		{93387003-C86D-41E1-BA01-E56750482579}.Debug|Any CPU.Build.0 = Debug|Any CPU
		{93387003-C86D-41E1-BA01-E56750482579}.Release|Any CPU.ActiveCfg = Release|Any CPU
		{93387003-C86D-41E1-BA01-E56750482579}.Release|Any CPU.Build.0 = Release|Any CPU
		{CB0ACB04-5C0E-4951-B9CE-95F6AF6AE25C}.Debug|Any CPU.ActiveCfg = Debug|Any CPU
		{CB0ACB04-5C0E-4951-B9CE-95F6AF6AE25C}.Debug|Any CPU.Build.0 = Debug|Any CPU
		{CB0ACB04-5C0E-4951-B9CE-95F6AF6AE25C}.Release|Any CPU.ActiveCfg = Release|Any CPU
		{CB0ACB04-5C0E-4951-B9CE-95F6AF6AE25C}.Release|Any CPU.Build.0 = Release|Any CPU
		{33B2B1C0-EA02-4E91-BF7A-E57B11E175C3}.Debug|Any CPU.ActiveCfg = Debug|Any CPU
		{33B2B1C0-EA02-4E91-BF7A-E57B11E175C3}.Debug|Any CPU.Build.0 = Debug|Any CPU
		{33B2B1C0-EA02-4E91-BF7A-E57B11E175C3}.Release|Any CPU.ActiveCfg = Release|Any CPU
		{33B2B1C0-EA02-4E91-BF7A-E57B11E175C3}.Release|Any CPU.Build.0 = Release|Any CPU
		{BFA8BC98-CFF7-4480-BE7E-ECE347958DB3}.Debug|Any CPU.ActiveCfg = Debug|Any CPU
		{BFA8BC98-CFF7-4480-BE7E-ECE347958DB3}.Debug|Any CPU.Build.0 = Debug|Any CPU
		{BFA8BC98-CFF7-4480-BE7E-ECE347958DB3}.Release|Any CPU.ActiveCfg = Release|Any CPU
		{BFA8BC98-CFF7-4480-BE7E-ECE347958DB3}.Release|Any CPU.Build.0 = Release|Any CPU
	EndGlobalSection
	GlobalSection(SolutionProperties) = preSolution
		HideSolutionNode = FALSE
	EndGlobalSection
EndGlobal
